{
  "name": "anvil-runtime",
  "lockfileVersion": 3,
  "requires": true,
  "packages": {
    "": {
      "dependencies": {
        "plotly.js-dist-min": "^3.0.2"
      },
      "devDependencies": {
        "@types/plotly.js": "^3.0.2",
        "jest-websocket-mock": "^2.5.0"
      }
    },
    "node_modules/@jest/schemas": {
      "version": "29.6.3",
      "resolved": "https://registry.npmjs.org/@jest/schemas/-/schemas-29.6.3.tgz",
      "integrity": "sha512-mo5j5X+jIZmJQveBKeS/clAueipV7KgiX1vMgCxam1RNYiqE1w62n0/tJJnHtjW8ZHcQco5gY85jA3mi0L+nSA==",
      "dev": true,
      "license": "MIT",
      "dependencies": {
        "@sinclair/typebox": "^0.27.8"
      },
      "engines": {
        "node": "^14.15.0 || ^16.10.0 || >=18.0.0"
      }
    },
    "node_modules/@sinclair/typebox": {
      "version": "0.27.8",
      "resolved": "https://registry.npmjs.org/@sinclair/typebox/-/typebox-0.27.8.tgz",
      "integrity": "sha512-+Fj43pSMwJs4KRrH/938Uf+uAELIgVBmQzg/q1YG10djyfA3TnrU8N8XzqCh/okZdszqBQTZf96idMfE5lnwTA==",
      "dev": true,
      "license": "MIT"
    },
    "node_modules/@types/plotly.js": {
      "version": "3.0.2",
      "resolved": "https://registry.npmjs.org/@types/plotly.js/-/plotly.js-3.0.2.tgz",
      "integrity": "sha512-84eSnXD5gTM36iaOv3/4cduF2X0eptMnK9CcghH56A4uhSiFjAIgqhFGmdq+0yDh2jLQzL1s34CsBU5KD3MvPA==",
      "dev": true,
      "license": "MIT"
    },
    "node_modules/ansi-styles": {
      "version": "4.3.0",
      "resolved": "https://registry.npmjs.org/ansi-styles/-/ansi-styles-4.3.0.tgz",
      "integrity": "sha512-zbB9rCJAT1rbjiVDb2hqKFHNYLxgtk8NURxZ3IZwD3F6NtxbXZQCnnSi1Lkx+IDohdPlFp222wVALIheZJQSEg==",
      "dev": true,
      "license": "MIT",
      "dependencies": {
        "color-convert": "^2.0.1"
      },
      "engines": {
        "node": ">=8"
      },
      "funding": {
        "url": "https://github.com/chalk/ansi-styles?sponsor=1"
      }
    },
    "node_modules/chalk": {
      "version": "4.1.2",
      "resolved": "https://registry.npmjs.org/chalk/-/chalk-4.1.2.tgz",
      "integrity": "sha512-oKnbhFyRIXpUuez8iBMmyEa4nbj4IOQyuhc/wy9kY7/WVPcwIO9VA668Pu8RkO7+0G76SLROeyw9CpQ061i4mA==",
      "dev": true,
      "license": "MIT",
      "dependencies": {
        "ansi-styles": "^4.1.0",
        "supports-color": "^7.1.0"
      },
      "engines": {
        "node": ">=10"
      },
      "funding": {
        "url": "https://github.com/chalk/chalk?sponsor=1"
      }
    },
    "node_modules/color-convert": {
      "version": "2.0.1",
      "resolved": "https://registry.npmjs.org/color-convert/-/color-convert-2.0.1.tgz",
      "integrity": "sha512-RRECPsj7iu/xb5oKYcsFHSppFNnsj/52OVTRKb4zP5onXwVF3zVmmToNcOfGC+CRDpfK/U584fMg38ZHCaElKQ==",
      "dev": true,
      "license": "MIT",
      "dependencies": {
        "color-name": "~1.1.4"
      },
      "engines": {
        "node": ">=7.0.0"
      }
    },
    "node_modules/color-name": {
      "version": "1.1.4",
      "resolved": "https://registry.npmjs.org/color-name/-/color-name-1.1.4.tgz",
      "integrity": "sha512-dOy+3AuW3a2wNbZHIuMZpTcgjGuLU/uBL/ubcZF9OXbDo8ff4O8yVp5Bf0efS8uEoYo5q4Fx7dY9OgQGXgAsQA==",
      "dev": true,
      "license": "MIT"
    },
    "node_modules/diff-sequences": {
      "version": "29.6.3",
      "resolved": "https://registry.npmjs.org/diff-sequences/-/diff-sequences-29.6.3.tgz",
      "integrity": "sha512-EjePK1srD3P08o2j4f0ExnylqRs5B9tJjcp9t1krH2qRi8CCdsYfwe9JgSLurFBWwq4uOlipzfk5fHNvwFKr8Q==",
      "dev": true,
      "license": "MIT",
      "engines": {
        "node": "^14.15.0 || ^16.10.0 || >=18.0.0"
      }
    },
    "node_modules/has-flag": {
      "version": "4.0.0",
      "resolved": "https://registry.npmjs.org/has-flag/-/has-flag-4.0.0.tgz",
      "integrity": "sha512-EykJT/Q1KjTWctppgIAgfSO0tKVuZUjhgMr17kqTumMl6Afv3EISleU7qZUzoXDFTAHTDC4NOoG/ZxU3EvlMPQ==",
      "dev": true,
      "license": "MIT",
      "engines": {
        "node": ">=8"
      }
    },
    "node_modules/jest-diff": {
      "version": "29.7.0",
      "resolved": "https://registry.npmjs.org/jest-diff/-/jest-diff-29.7.0.tgz",
      "integrity": "sha512-LMIgiIrhigmPrs03JHpxUh2yISK3vLFPkAodPeo0+BuF7wA2FoQbkEg1u8gBYBThncu7e1oEDUfIXVuTqLRUjw==",
      "dev": true,
      "license": "MIT",
      "dependencies": {
        "chalk": "^4.0.0",
        "diff-sequences": "^29.6.3",
        "jest-get-type": "^29.6.3",
        "pretty-format": "^29.7.0"
      },
      "engines": {
        "node": "^14.15.0 || ^16.10.0 || >=18.0.0"
      }
    },
    "node_modules/jest-get-type": {
      "version": "29.6.3",
      "resolved": "https://registry.npmjs.org/jest-get-type/-/jest-get-type-29.6.3.tgz",
      "integrity": "sha512-zrteXnqYxfQh7l5FHyL38jL39di8H8rHoecLH3JNxH3BwOrBsNeabdap5e0I23lD4HHI8W5VFBZqG4Eaq5LNcw==",
      "dev": true,
      "license": "MIT",
      "engines": {
        "node": "^14.15.0 || ^16.10.0 || >=18.0.0"
      }
    },
    "node_modules/jest-websocket-mock": {
      "version": "2.5.0",
      "resolved": "https://registry.npmjs.org/jest-websocket-mock/-/jest-websocket-mock-2.5.0.tgz",
      "integrity": "sha512-a+UJGfowNIWvtIKIQBHoEWIUqRxxQHFx4CXT+R5KxxKBtEQ5rS3pPOV/5299sHzqbmeCzxxY5qE4+yfXePePig==",
      "dev": true,
      "license": "MIT",
      "dependencies": {
        "jest-diff": "^29.2.0",
        "mock-socket": "^9.3.0"
      }
    },
    "node_modules/mock-socket": {
      "version": "9.3.1",
      "resolved": "https://registry.npmjs.org/mock-socket/-/mock-socket-9.3.1.tgz",
      "integrity": "sha512-qxBgB7Qa2sEQgHFjj0dSigq7fX4k6Saisd5Nelwp2q8mlbAFh5dHV9JTTlF8viYJLSSWgMCZFUom8PJcMNBoJw==",
      "dev": true,
      "license": "MIT",
      "engines": {
        "node": ">= 8"
      }
    },
    "node_modules/plotly.js-dist-min": {
      "version": "3.0.2",
      "resolved": "https://registry.npmjs.org/plotly.js-dist-min/-/plotly.js-dist-min-3.0.2.tgz",
      "integrity": "sha512-HB3iE3grHK+JGlAdbABs3TP75OHP1VoMbFdUxrhlz0p3hK0qRqApxdmMpeS4us19Xfm4krNoc3HTFrWQqRuvKQ==",
      "license": "MIT"
    },
    "node_modules/pretty-format": {
      "version": "29.7.0",
      "resolved": "https://registry.npmjs.org/pretty-format/-/pretty-format-29.7.0.tgz",
      "integrity": "sha512-Pdlw/oPxN+aXdmM9R00JVC9WVFoCLTKJvDVLgmJ+qAffBMxsV85l/Lu7sNx4zSzPyoL2euImuEwHhOXdEgNFZQ==",
      "dev": true,
      "license": "MIT",
      "dependencies": {
        "@jest/schemas": "^29.6.3",
        "ansi-styles": "^5.0.0",
        "react-is": "^18.0.0"
      },
      "engines": {
        "node": "^14.15.0 || ^16.10.0 || >=18.0.0"
      }
    },
    "node_modules/pretty-format/node_modules/ansi-styles": {
      "version": "5.2.0",
      "resolved": "https://registry.npmjs.org/ansi-styles/-/ansi-styles-5.2.0.tgz",
      "integrity": "sha512-Cxwpt2SfTzTtXcfOlzGEee8O+c+MmUgGrNiBcXnuWxuFJHe6a5Hz7qwhwe5OgaSYI0IJvkLqWX1ASG+cJOkEiA==",
      "dev": true,
      "license": "MIT",
      "engines": {
        "node": ">=10"
      },
      "funding": {
        "url": "https://github.com/chalk/ansi-styles?sponsor=1"
      }
    },
    "node_modules/react-is": {
      "version": "18.3.1",
      "resolved": "https://registry.npmjs.org/react-is/-/react-is-18.3.1.tgz",
      "integrity": "sha512-/LLMVyas0ljjAtoYiPqYiL8VWXzUUdThrmU5+n20DZv+a+ClRoevUzw5JxU+Ieh5/c87ytoTBV9G1FiKfNJdmg==",
      "dev": true,
      "license": "MIT"
    },
    "node_modules/supports-color": {
      "version": "7.2.0",
      "resolved": "https://registry.npmjs.org/supports-color/-/supports-color-7.2.0.tgz",
      "integrity": "sha512-qpCAvRl9stuOHveKsn7HncJRvv501qIacKzQlO/+Lwxc9+0q2wLyv4Dfvt80/DPn2pqOBsJdDiogXGR9+OvwRw==",
      "dev": true,
      "license": "MIT",
      "dependencies": {
        "has-flag": "^4.0.0"
      },
      "engines": {
        "node": ">=8"
      }
    }
  }
}
